
Microsoft Visual Studio Solution File, Format Version 12.00
# Visual Studio Version 17
VisualStudioVersion = 17.0.31903.59
MinimumVisualStudioVersion = 10.0.40219.1
Project("{FAE04EC0-301F-11D3-BF4B-00C04F79EFBC}") = "Movies.API", "Movies.API\Movies.API.csproj", "{DA591023-9CEC-40FC-AB57-2FB4BFF619C1}"
EndProject
Project("{FAE04EC0-301F-11D3-BF4B-00C04F79EFBC}") = "Movies.Application", "Movies.Application\Movies.Application.csproj", "{B162137D-079C-4D2A-881C-0ED8E5F27D83}"
EndProject
Project("{FAE04EC0-301F-11D3-BF4B-00C04F79EFBC}") = "Movies.Contracts", "Movies.Contracts\Movies.Contracts.csproj", "{30AE9F04-9ED9-4753-AD8B-E6145A85244C}"
EndProject
Project("{FAE04EC0-301F-11D3-BF4B-00C04F79EFBC}") = "Identity.Api", "..\Identity.Api\Identity.Api.csproj", "{B1E78C85-04E2-4C12-9EF7-2C3F1AE063D6}"
EndProject
Project("{FAE04EC0-301F-11D3-BF4B-00C04F79EFBC}") = "Movies.Api.Sdk", "Movies.Api.Sdk\Movies.Api.Sdk.csproj", "{D979A3DB-2EBD-484F-B372-3F916DFF16E3}"
EndProject
Project("{FAE04EC0-301F-11D3-BF4B-00C04F79EFBC}") = "Movies.Api.Sdk.Consumer", "Movies.Api.Sdk.Consumer\Movies.Api.Sdk.Consumer.csproj", "{F4EB1321-3309-4704-B994-23AC5780BF14}"
EndProject
Global
	GlobalSection(SolutionConfigurationPlatforms) = preSolution
		Debug|Any CPU = Debug|Any CPU
		Release|Any CPU = Release|Any CPU
	EndGlobalSection
	GlobalSection(SolutionProperties) = preSolution
		HideSolutionNode = FALSE
	EndGlobalSection
	GlobalSection(ProjectConfigurationPlatforms) = postSolution
		{DA591023-9CEC-40FC-AB57-2FB4BFF619C1}.Debug|Any CPU.ActiveCfg = Debug|Any CPU
		{DA591023-9CEC-40FC-AB57-2FB4BFF619C1}.Debug|Any CPU.Build.0 = Debug|Any CPU
		{DA591023-9CEC-40FC-AB57-2FB4BFF619C1}.Release|Any CPU.ActiveCfg = Release|Any CPU
		{DA591023-9CEC-40FC-AB57-2FB4BFF619C1}.Release|Any CPU.Build.0 = Release|Any CPU
		{B162137D-079C-4D2A-881C-0ED8E5F27D83}.Debug|Any CPU.ActiveCfg = Debug|Any CPU
		{B162137D-079C-4D2A-881C-0ED8E5F27D83}.Debug|Any CPU.Build.0 = Debug|Any CPU
		{B162137D-079C-4D2A-881C-0ED8E5F27D83}.Release|Any CPU.ActiveCfg = Release|Any CPU
		{B162137D-079C-4D2A-881C-0ED8E5F27D83}.Release|Any CPU.Build.0 = Release|Any CPU
		{30AE9F04-9ED9-4753-AD8B-E6145A85244C}.Debug|Any CPU.ActiveCfg = Debug|Any CPU
		{30AE9F04-9ED9-4753-AD8B-E6145A85244C}.Debug|Any CPU.Build.0 = Debug|Any CPU
		{30AE9F04-9ED9-4753-AD8B-E6145A85244C}.Release|Any CPU.ActiveCfg = Release|Any CPU
		{30AE9F04-9ED9-4753-AD8B-E6145A85244C}.Release|Any CPU.Build.0 = Release|Any CPU
		{B1E78C85-04E2-4C12-9EF7-2C3F1AE063D6}.Debug|Any CPU.ActiveCfg = Debug|Any CPU
		{B1E78C85-04E2-4C12-9EF7-2C3F1AE063D6}.Debug|Any CPU.Build.0 = Debug|Any CPU
		{B1E78C85-04E2-4C12-9EF7-2C3F1AE063D6}.Release|Any CPU.ActiveCfg = Release|Any CPU
		{B1E78C85-04E2-4C12-9EF7-2C3F1AE063D6}.Release|Any CPU.Build.0 = Release|Any CPU
		{D979A3DB-2EBD-484F-B372-3F916DFF16E3}.Debug|Any CPU.ActiveCfg = Debug|Any CPU
		{D979A3DB-2EBD-484F-B372-3F916DFF16E3}.Debug|Any CPU.Build.0 = Debug|Any CPU
		{D979A3DB-2EBD-484F-B372-3F916DFF16E3}.Release|Any CPU.ActiveCfg = Release|Any CPU
		{D979A3DB-2EBD-484F-B372-3F916DFF16E3}.Release|Any CPU.Build.0 = Release|Any CPU
		{F4EB1321-3309-4704-B994-23AC5780BF14}.Debug|Any CPU.ActiveCfg = Debug|Any CPU
		{F4EB1321-3309-4704-B994-23AC5780BF14}.Debug|Any CPU.Build.0 = Debug|Any CPU
		{F4EB1321-3309-4704-B994-23AC5780BF14}.Release|Any CPU.ActiveCfg = Release|Any CPU
		{F4EB1321-3309-4704-B994-23AC5780BF14}.Release|Any CPU.Build.0 = Release|Any CPU
	EndGlobalSection
EndGlobal
