
Microsoft Visual Studio Solution File, Format Version 12.00
Project("{FAE04EC0-301F-11D3-BF4B-00C04F79EFBC}") = "EFcore.API", "EFcore.API\EFcore.API.csproj", "{C720EACE-A920-456C-B512-BFFD4818ECF4}"
EndProject
Project("{2150E333-8FDC-42A3-9474-1A3956D46DE8}") = "DatabaseScripts", "DatabaseScripts", "{D776B3F6-E637-40B5-B464-674B7DB59325}"
	ProjectSection(SolutionItems) = preProject
		DatabaseScript.sql = DatabaseScript.sql
		databaseDockerCommand.sh = databaseDockerCommand.sh
		MigrationsScript.txt = MigrationsScript.txt
		EFcore.API\script.txt = EFcore.API\script.txt
		EFcore.API\efbundle = EFcore.API\efbundle
		DotnetCountersPerformanceMonitoring.txt = DotnetCountersPerformanceMonitoring.txt
		DBContextDBFirstCommand.txt = DBContextDBFirstCommand.txt
	EndProjectSection
EndProject
Project("{FAE04EC0-301F-11D3-BF4B-00C04F79EFBC}") = "EFCore.DatabaseFirst", "EFCore.DatabaseFirst\EFCore.DatabaseFirst.csproj", "{FFF0DE4C-42AD-4153-8364-760040B96CB7}"
EndProject
Global
	GlobalSection(SolutionConfigurationPlatforms) = preSolution
		Debug|Any CPU = Debug|Any CPU
		Release|Any CPU = Release|Any CPU
	EndGlobalSection
	GlobalSection(ProjectConfigurationPlatforms) = postSolution
		{C720EACE-A920-456C-B512-BFFD4818ECF4}.Debug|Any CPU.ActiveCfg = Debug|Any CPU
		{C720EACE-A920-456C-B512-BFFD4818ECF4}.Debug|Any CPU.Build.0 = Debug|Any CPU
		{C720EACE-A920-456C-B512-BFFD4818ECF4}.Release|Any CPU.ActiveCfg = Release|Any CPU
		{C720EACE-A920-456C-B512-BFFD4818ECF4}.Release|Any CPU.Build.0 = Release|Any CPU
		{FFF0DE4C-42AD-4153-8364-760040B96CB7}.Debug|Any CPU.ActiveCfg = Debug|Any CPU
		{FFF0DE4C-42AD-4153-8364-760040B96CB7}.Debug|Any CPU.Build.0 = Debug|Any CPU
		{FFF0DE4C-42AD-4153-8364-760040B96CB7}.Release|Any CPU.ActiveCfg = Release|Any CPU
		{FFF0DE4C-42AD-4153-8364-760040B96CB7}.Release|Any CPU.Build.0 = Release|Any CPU
	EndGlobalSection
	GlobalSection(SolutionProperties) = preSolution
		HideSolutionNode = FALSE
	EndGlobalSection
EndGlobal
